# This file is automatically @generated by Cargo.
# It is not intended for manual editing.
version = 4

[[package]]
name = "conduite"
version = "0.1.0"

[[package]]
name = "conduite-compositor"
version = "0.1.0"

[[package]]
name = "conduite-control-artnet"
version = "0.1.0"

[[package]]
name = "conduite-control-http"
version = "0.1.0"

[[package]]
name = "conduite-control-midi"
version = "0.1.0"

[[package]]
name = "conduite-control-osc"
version = "0.1.0"

[[package]]
name = "conduite-core"
version = "0.1.0"

[[package]]
name = "conduite-cue"
version = "0.1.0"

[[package]]
name = "conduite-engine"
version = "0.1.0"

[[package]]
name = "conduite-isf"
version = "0.1.0"

[[package]]
name = "conduite-media-library"
version = "0.1.0"

[[package]]
name = "conduite-modulation"
version = "0.1.0"

[[package]]
name = "conduite-params"
version = "0.1.0"

[[package]]
name = "conduite-system"
version = "0.1.0"
